
Microsoft Visual Studio Solution File, Format Version 12.00
# Visual Studio Version 17
VisualStudioVersion = 17.7.34031.279
MinimumVisualStudioVersion = 10.0.40219.1
Project("{2150E333-8FDC-42A3-9474-1A3956D46DE8}") = "Task0", "Task0", "{28868B8A-0FE9-4AB7-AF78-A50EE2B9CAF4}"
EndProject
Project("{FAE04EC0-301F-11D3-BF4B-00C04F79EFBC}") = "Tyuiu.KrutikovaVP.Sprint1.Task0.V18", "Tyuiu.KrutikovaVP.Sprint1.Task0.V18\Tyuiu.KrutikovaVP.Sprint1.Task0.V18.csproj", "{F3EE516F-6D66-403D-B1C8-99DCBBC2B74D}"
EndProject
Project("{FAE04EC0-301F-11D3-BF4B-00C04F79EFBC}") = "Tyuiu.KrutikovaVP.Sprint1.Task0.V18.Lib", "Tyuiu.KrutikovaVP.Sprint1.Task0.V18.Lib\Tyuiu.KrutikovaVP.Sprint1.Task0.V18.Lib.csproj", "{BA6A4371-E53F-475D-AC29-2C32709F0006}"
EndProject
Project("{FAE04EC0-301F-11D3-BF4B-00C04F79EFBC}") = "Tyuiu.KrutikovaVP.Sprint1.Task0.V18.Test", "Tyuiu.KrutikovaVP.Sprint1.Task0.V18.Test\Tyuiu.KrutikovaVP.Sprint1.Task0.V18.Test.csproj", "{43252E98-0C76-45F3-9AA5-0F13CAEF9999}"
EndProject
Project("{2150E333-8FDC-42A3-9474-1A3956D46DE8}") = "Task1", "Task1", "{AA86CFEB-A87D-4439-81BE-E87DC826C4A7}"
EndProject
Project("{FAE04EC0-301F-11D3-BF4B-00C04F79EFBC}") = "Tyuiu.KrutikovaVP.Sprint1.Task1.V12", "Tyuiu.KrutikovaVP.Sprint1.Task1.V12\Tyuiu.KrutikovaVP.Sprint1.Task1.V12.csproj", "{3DA38F74-2141-4107-BD7E-D17B8462A052}"
EndProject
Project("{FAE04EC0-301F-11D3-BF4B-00C04F79EFBC}") = "Tyuiu.KrutikovaVP.Sprint1.Task1.V12.Lib", "Tyuiu.KrutikovaVP.Sprint1.Task1.V12.Lib\Tyuiu.KrutikovaVP.Sprint1.Task1.V12.Lib.csproj", "{E6E845A5-FE2A-49FE-AF2A-7212FB6280AD}"
EndProject
Project("{FAE04EC0-301F-11D3-BF4B-00C04F79EFBC}") = "Tyuiu.KrutikovaVP.Sprint1.Task1.V12.Test", "Tyuiu.KrutikovaVP.Sprint1.Task1.V12.Test\Tyuiu.KrutikovaVP.Sprint1.Task1.V12.Test.csproj", "{68785713-9831-49F3-9456-5D0F09D5D6E7}"
EndProject
Project("{2150E333-8FDC-42A3-9474-1A3956D46DE8}") = "Task3", "Task3", "{02871109-457D-45BA-A170-EB10AAE1B9F8}"
EndProject
Project("{FAE04EC0-301F-11D3-BF4B-00C04F79EFBC}") = "Tyuiu.KrutikovaVP.Sprint1.Task3.V19", "Tyuiu.KrutikovaVP.Sprint1.Task3.V19\Tyuiu.KrutikovaVP.Sprint1.Task3.V19.csproj", "{D527037F-3FCD-4633-B320-8B7F64A5DF6C}"
EndProject
Project("{FAE04EC0-301F-11D3-BF4B-00C04F79EFBC}") = "Tyuiu.KrutikovaVP.Sprint1.Task3.V19.Lib", "Tyuiu.KrutikovaVP.Sprint1.Task3.V19.Lib\Tyuiu.KrutikovaVP.Sprint1.Task3.V19.Lib.csproj", "{18E67DB6-3B00-41E3-B07E-75AAFC37D6C5}"
EndProject
Project("{FAE04EC0-301F-11D3-BF4B-00C04F79EFBC}") = "Tyuiu.KrutikovaVP.Sprint1.Task3.V19.Test", "Tyuiu.KrutikovaVP.Sprint1.Task3.V19.Test\Tyuiu.KrutikovaVP.Sprint1.Task3.V19.Test.csproj", "{6934B267-BED7-49D0-844A-584FDB52E9E0}"
EndProject
Global
	GlobalSection(SolutionConfigurationPlatforms) = preSolution
		Debug|Any CPU = Debug|Any CPU
		Release|Any CPU = Release|Any CPU
	EndGlobalSection
	GlobalSection(ProjectConfigurationPlatforms) = postSolution
		{F3EE516F-6D66-403D-B1C8-99DCBBC2B74D}.Debug|Any CPU.ActiveCfg = Debug|Any CPU
		{F3EE516F-6D66-403D-B1C8-99DCBBC2B74D}.Debug|Any CPU.Build.0 = Debug|Any CPU
		{F3EE516F-6D66-403D-B1C8-99DCBBC2B74D}.Release|Any CPU.ActiveCfg = Release|Any CPU
		{F3EE516F-6D66-403D-B1C8-99DCBBC2B74D}.Release|Any CPU.Build.0 = Release|Any CPU
		{BA6A4371-E53F-475D-AC29-2C32709F0006}.Debug|Any CPU.ActiveCfg = Debug|Any CPU
		{BA6A4371-E53F-475D-AC29-2C32709F0006}.Debug|Any CPU.Build.0 = Debug|Any CPU
		{BA6A4371-E53F-475D-AC29-2C32709F0006}.Release|Any CPU.ActiveCfg = Release|Any CPU
		{BA6A4371-E53F-475D-AC29-2C32709F0006}.Release|Any CPU.Build.0 = Release|Any CPU
		{43252E98-0C76-45F3-9AA5-0F13CAEF9999}.Debug|Any CPU.ActiveCfg = Debug|Any CPU
		{43252E98-0C76-45F3-9AA5-0F13CAEF9999}.Debug|Any CPU.Build.0 = Debug|Any CPU
		{43252E98-0C76-45F3-9AA5-0F13CAEF9999}.Release|Any CPU.ActiveCfg = Release|Any CPU
		{43252E98-0C76-45F3-9AA5-0F13CAEF9999}.Release|Any CPU.Build.0 = Release|Any CPU
		{3DA38F74-2141-4107-BD7E-D17B8462A052}.Debug|Any CPU.ActiveCfg = Debug|Any CPU
		{3DA38F74-2141-4107-BD7E-D17B8462A052}.Debug|Any CPU.Build.0 = Debug|Any CPU
		{3DA38F74-2141-4107-BD7E-D17B8462A052}.Release|Any CPU.ActiveCfg = Release|Any CPU
		{3DA38F74-2141-4107-BD7E-D17B8462A052}.Release|Any CPU.Build.0 = Release|Any CPU
		{E6E845A5-FE2A-49FE-AF2A-7212FB6280AD}.Debug|Any CPU.ActiveCfg = Debug|Any CPU
		{E6E845A5-FE2A-49FE-AF2A-7212FB6280AD}.Debug|Any CPU.Build.0 = Debug|Any CPU
		{E6E845A5-FE2A-49FE-AF2A-7212FB6280AD}.Release|Any CPU.ActiveCfg = Release|Any CPU
		{E6E845A5-FE2A-49FE-AF2A-7212FB6280AD}.Release|Any CPU.Build.0 = Release|Any CPU
		{68785713-9831-49F3-9456-5D0F09D5D6E7}.Debug|Any CPU.ActiveCfg = Debug|Any CPU
		{68785713-9831-49F3-9456-5D0F09D5D6E7}.Debug|Any CPU.Build.0 = Debug|Any CPU
		{68785713-9831-49F3-9456-5D0F09D5D6E7}.Release|Any CPU.ActiveCfg = Release|Any CPU
		{68785713-9831-49F3-9456-5D0F09D5D6E7}.Release|Any CPU.Build.0 = Release|Any CPU
		{D527037F-3FCD-4633-B320-8B7F64A5DF6C}.Debug|Any CPU.ActiveCfg = Debug|Any CPU
		{D527037F-3FCD-4633-B320-8B7F64A5DF6C}.Debug|Any CPU.Build.0 = Debug|Any CPU
		{D527037F-3FCD-4633-B320-8B7F64A5DF6C}.Release|Any CPU.ActiveCfg = Release|Any CPU
		{D527037F-3FCD-4633-B320-8B7F64A5DF6C}.Release|Any CPU.Build.0 = Release|Any CPU
		{18E67DB6-3B00-41E3-B07E-75AAFC37D6C5}.Debug|Any CPU.ActiveCfg = Debug|Any CPU
		{18E67DB6-3B00-41E3-B07E-75AAFC37D6C5}.Debug|Any CPU.Build.0 = Debug|Any CPU
		{18E67DB6-3B00-41E3-B07E-75AAFC37D6C5}.Release|Any CPU.ActiveCfg = Release|Any CPU
		{18E67DB6-3B00-41E3-B07E-75AAFC37D6C5}.Release|Any CPU.Build.0 = Release|Any CPU
		{6934B267-BED7-49D0-844A-584FDB52E9E0}.Debug|Any CPU.ActiveCfg = Debug|Any CPU
		{6934B267-BED7-49D0-844A-584FDB52E9E0}.Debug|Any CPU.Build.0 = Debug|Any CPU
		{6934B267-BED7-49D0-844A-584FDB52E9E0}.Release|Any CPU.ActiveCfg = Release|Any CPU
		{6934B267-BED7-49D0-844A-584FDB52E9E0}.Release|Any CPU.Build.0 = Release|Any CPU
	EndGlobalSection
	GlobalSection(SolutionProperties) = preSolution
		HideSolutionNode = FALSE
	EndGlobalSection
	GlobalSection(NestedProjects) = preSolution
		{F3EE516F-6D66-403D-B1C8-99DCBBC2B74D} = {28868B8A-0FE9-4AB7-AF78-A50EE2B9CAF4}
		{BA6A4371-E53F-475D-AC29-2C32709F0006} = {28868B8A-0FE9-4AB7-AF78-A50EE2B9CAF4}
		{43252E98-0C76-45F3-9AA5-0F13CAEF9999} = {28868B8A-0FE9-4AB7-AF78-A50EE2B9CAF4}
		{3DA38F74-2141-4107-BD7E-D17B8462A052} = {AA86CFEB-A87D-4439-81BE-E87DC826C4A7}
		{E6E845A5-FE2A-49FE-AF2A-7212FB6280AD} = {AA86CFEB-A87D-4439-81BE-E87DC826C4A7}
		{68785713-9831-49F3-9456-5D0F09D5D6E7} = {AA86CFEB-A87D-4439-81BE-E87DC826C4A7}
		{D527037F-3FCD-4633-B320-8B7F64A5DF6C} = {02871109-457D-45BA-A170-EB10AAE1B9F8}
		{18E67DB6-3B00-41E3-B07E-75AAFC37D6C5} = {02871109-457D-45BA-A170-EB10AAE1B9F8}
		{6934B267-BED7-49D0-844A-584FDB52E9E0} = {02871109-457D-45BA-A170-EB10AAE1B9F8}
	EndGlobalSection
	GlobalSection(ExtensibilityGlobals) = postSolution
		SolutionGuid = {BBD6F9A3-0F21-45DD-BE2A-85430FE57A2A}
	EndGlobalSection
EndGlobal
